
Microsoft Visual Studio Solution File, Format Version 12.00
# Visual Studio Version 17
VisualStudioVersion = 17.7.34018.315
MinimumVisualStudioVersion = 10.0.40219.1
Project("{2150E333-8FDC-42A3-9474-1A3956D46DE8}") = "00-Core", "00-Core", "{1CDA7B96-BD9E-4A8D-8FE4-C953745EB8E5}"
EndProject
Project("{9A19103F-16F7-4668-BE54-9A1E7A4F7556}") = "EDSCore", "EDSCore\EDSCore.csproj", "{D57E487A-A772-4F8B-A0A9-608060F94E12}"
EndProject
Project("{9A19103F-16F7-4668-BE54-9A1E7A4F7556}") = "ContratoDTOs", "ContratoDTOs\ContratoDTOs.csproj", "{C484CF7C-DA22-4964-B13C-EE36C1BC9E98}"
EndProject
Project("{9A19103F-16F7-4668-BE54-9A1E7A4F7556}") = "HubDTOs", "HubDTOs\HubDTOs.csproj", "{6BE292EC-E91E-4C58-8D34-7181285DAD34}"
EndProject
Project("{9A19103F-16F7-4668-BE54-9A1E7A4F7556}") = "OrganizacaoDTOS", "OrganizacaoDTOS\OrganizacaoDTOS.csproj", "{0C809E0A-A9FA-4707-8C3F-FDACDE09E279}"
EndProject
Project("{9A19103F-16F7-4668-BE54-9A1E7A4F7556}") = "Hubs.Dominio", "Hubs.Dominio\Hubs.Dominio.csproj", "{69022776-E4C9-46F2-BDD4-A93AACF0D4A0}"
EndProject
Project("{2150E333-8FDC-42A3-9474-1A3956D46DE8}") = "02-Infraestruturas", "02-Infraestruturas", "{74E5DBA6-2719-4035-BF83-7023F39AC79E}"
EndProject
Project("{9A19103F-16F7-4668-BE54-9A1E7A4F7556}") = "RepoHubs", "Repositorios\RepoHubs.csproj", "{64210AFF-D1D8-4CD8-9672-6BD816942329}"
EndProject
Project("{2150E333-8FDC-42A3-9474-1A3956D46DE8}") = "03-Servicos", "03-Servicos", "{398AFA5E-C0E4-422F-BD09-3DBD93EB931B}"
EndProject
Project("{9A19103F-16F7-4668-BE54-9A1E7A4F7556}") = "ServiceFotoUsuario", "ServiceFotoUsuario\ServiceFotoUsuario.csproj", "{0BDE5A0F-2BE9-4752-B7FB-24553A2849CE}"
EndProject
Project("{9A19103F-16F7-4668-BE54-9A1E7A4F7556}") = "ServicoAutorizacao", "ServicoAutorizacao\ServicoAutorizacao.csproj", "{AB2B44C3-841C-4A33-AFCE-D2ADFA125553}"
EndProject
Project("{9A19103F-16F7-4668-BE54-9A1E7A4F7556}") = "ServicosEmailHub", "ServicosEmailHub\ServicosEmailHub.csproj", "{AD677484-8F3D-431B-AFE1-C44699C87C92}"
EndProject
Project("{2150E333-8FDC-42A3-9474-1A3956D46DE8}") = "04-Apis", "04-Apis", "{ACC00921-9EFF-406A-840E-AACAA0ED4113}"
EndProject
Project("{9A19103F-16F7-4668-BE54-9A1E7A4F7556}") = "APIGatewayEDS", "APIGatewayEDS\APIGatewayEDS.csproj", "{ABB64418-C3F9-443E-912E-3A970479FC7D}"
EndProject
Project("{9A19103F-16F7-4668-BE54-9A1E7A4F7556}") = "ValidacaoHelper", "ValidacaoHelper\ValidacaoHelper.csproj", "{1DEE55F9-106F-47BC-A4F3-BA308B2BAD8E}"
EndProject
Project("{9A19103F-16F7-4668-BE54-9A1E7A4F7556}") = "Contratos.Dominio", "Contratos.Dominio\Contratos.Dominio.csproj", "{C6DA67D8-04E8-4C24-9DE2-8EE7A5F4C40B}"
EndProject
Project("{9A19103F-16F7-4668-BE54-9A1E7A4F7556}") = "RepositoriosContratos", "RepositoriosContratos\RepositoriosContratos.csproj", "{EE604879-239B-4333-96F0-F71F0AB6ECA3}"
EndProject
Project("{9A19103F-16F7-4668-BE54-9A1E7A4F7556}") = "ServiceContratos", "ServiceContratos\ServiceContratos.csproj", "{3C010106-DA3B-43C8-BD29-CB2A3503C890}"
EndProject
Project("{2150E333-8FDC-42A3-9474-1A3956D46DE8}") = "02-Gateway", "02-Gateway", "{451045DD-33F3-46FF-AADA-F98CF159DF37}"
EndProject
Project("{2150E333-8FDC-42A3-9474-1A3956D46DE8}") = "01-Contratos", "01-Contratos", "{3B3F7A38-9C94-4D87-9399-28C0CE0DAAD9}"
EndProject
Project("{2150E333-8FDC-42A3-9474-1A3956D46DE8}") = "01-Dominio", "01-Dominio", "{DC30403B-E18F-4FB6-B284-F7E73F953344}"
EndProject
Project("{2150E333-8FDC-42A3-9474-1A3956D46DE8}") = "02-Infraestruturas", "02-Infraestruturas", "{0E91159B-F632-4698-988B-5D1B7D862C37}"
EndProject
Project("{2150E333-8FDC-42A3-9474-1A3956D46DE8}") = "03-Servicos", "03-Servicos", "{070D3454-902A-430E-A70E-BE2ECEC723E6}"
EndProject
Project("{2150E333-8FDC-42A3-9474-1A3956D46DE8}") = "04-Apis", "04-Apis", "{CF645ECE-AE94-4CE3-A570-E8136C23C375}"
EndProject
Project("{9A19103F-16F7-4668-BE54-9A1E7A4F7556}") = "APIContratos", "APIContratos\APIContratos.csproj", "{97ABA8F8-F881-480D-A555-7D2385043463}"
EndProject
Project("{2150E333-8FDC-42A3-9474-1A3956D46DE8}") = "01-Dominio", "01-Dominio", "{E9CA9B60-F977-4997-A659-C6486EF04FC1}"
EndProject
Project("{9A19103F-16F7-4668-BE54-9A1E7A4F7556}") = "ServiceHub", "ServiceHub\ServiceHub.csproj", "{BFB7C694-C714-42DD-92CA-07D45E3B9651}"
EndProject
Project("{9A19103F-16F7-4668-BE54-9A1E7A4F7556}") = "RepoGenerico", "RepoGenerico\RepoGenerico.csproj", "{6EB4A6D3-AD35-442E-A4B0-41982B781684}"
EndProject
Project("{2150E333-8FDC-42A3-9474-1A3956D46DE8}") = "01-Contas", "01-Contas", "{EDC1A7D3-C76A-4C70-BA9B-716AC2717A7C}"
EndProject
Project("{2150E333-8FDC-42A3-9474-1A3956D46DE8}") = "01-Organizacoes", "01-Organizacoes", "{1598E454-296F-4562-9FB3-8C237380FD21}"
EndProject
Project("{2150E333-8FDC-42A3-9474-1A3956D46DE8}") = "01-Dominios", "01-Dominios", "{0F15F0C9-70AD-4353-B2B0-08F2D19F24E2}"
EndProject
Project("{9A19103F-16F7-4668-BE54-9A1E7A4F7556}") = "Organizacao.Dominio", "Organizacao.Dominio\Organizacao.Dominio.csproj", "{640EE739-4121-4AD7-A211-CC1396ECF8DD}"
EndProject
Project("{2150E333-8FDC-42A3-9474-1A3956D46DE8}") = "02-Infraestrutura", "02-Infraestrutura", "{97030C93-01A6-496E-BDC0-03350BCCD89B}"
EndProject
Project("{9A19103F-16F7-4668-BE54-9A1E7A4F7556}") = "RepoOrganizacao", "RepoOrganizacao\RepoOrganizacao.csproj", "{F50D36BC-18D2-44B7-B566-169E162E4D50}"
EndProject
Project("{9A19103F-16F7-4668-BE54-9A1E7A4F7556}") = "ServiceImagemOrganizacao", "ServiceImagemOrganizacao\ServiceImagemOrganizacao.csproj", "{779BCAEE-9C9D-49A8-BBE4-A92316AF6940}"
EndProject
Project("{2150E333-8FDC-42A3-9474-1A3956D46DE8}") = "03-Servicos", "03-Servicos", "{7B2DA905-E098-4546-B8D0-D638B068B8E4}"
EndProject
Project("{9A19103F-16F7-4668-BE54-9A1E7A4F7556}") = "ServiceOrganizacoes", "ServiceOrganizacoes\ServiceOrganizacoes.csproj", "{0BFE772E-37D5-496B-94A3-90D71369B716}"
EndProject
Project("{2150E333-8FDC-42A3-9474-1A3956D46DE8}") = "04-Apis", "04-Apis", "{A14DC447-D93F-44A7-98FA-105FAACF494C}"
EndProject
Project("{9A19103F-16F7-4668-BE54-9A1E7A4F7556}") = "WebApiOrganizacao", "WebApiOrganizacao\WebApiOrganizacao.csproj", "{FB44F1CC-4C63-47BF-92D0-B5C06EA53087}"
EndProject
Project("{9A19103F-16F7-4668-BE54-9A1E7A4F7556}") = "ContaDTOs", "ContaDTOs\ContaDTOs.csproj", "{7742AFB2-3CAC-456D-A6FF-0ED60534209C}"
EndProject
Project("{2150E333-8FDC-42A3-9474-1A3956D46DE8}") = "01-Dominio", "01-Dominio", "{FC2ECE50-BD7F-4CA7-B10D-848C7FCC4470}"
EndProject
Project("{9A19103F-16F7-4668-BE54-9A1E7A4F7556}") = "Conta.Dominio", "Conta.Dominio\Conta.Dominio.csproj", "{6BD8CC91-0427-421D-9CB9-E59063126660}"
EndProject
Project("{2150E333-8FDC-42A3-9474-1A3956D46DE8}") = "02-Infraestrutura", "02-Infraestrutura", "{95A0059A-9606-401A-9754-AE3B986F2C8B}"
EndProject
Project("{9A19103F-16F7-4668-BE54-9A1E7A4F7556}") = "RepoConta", "RepoConta\RepoConta.csproj", "{49881D9B-0B67-46CF-8C8E-99A5F2D2AF0B}"
EndProject
Project("{2150E333-8FDC-42A3-9474-1A3956D46DE8}") = "03-Services", "03-Services", "{2BD382A0-2B63-4D3A-817B-D39F5FDB3F1F}"
EndProject
Project("{9A19103F-16F7-4668-BE54-9A1E7A4F7556}") = "ServiceContas", "ServiceContas\ServiceContas.csproj", "{AF9C6995-F3FC-476B-8EB8-0C5BDE5C25E6}"
EndProject
Project("{2150E333-8FDC-42A3-9474-1A3956D46DE8}") = "04-Apis", "04-Apis", "{A0300AF9-E93B-47BE-B6CF-85224A31AA84}"
EndProject
Project("{9A19103F-16F7-4668-BE54-9A1E7A4F7556}") = "WebApiContas", "WebApiContas\WebApiContas.csproj", "{D75B9C61-5C75-421B-A762-5D4B095452BF}"
EndProject
Project("{E53339B2-1760-4266-BCC7-CA923CBCF16C}") = "docker-compose", "docker-compose.dcproj", "{C019A11F-3325-4A52-A348-6E3B381CAFE2}"
EndProject
Project("{2150E333-8FDC-42A3-9474-1A3956D46DE8}") = "01-LD", "01-LD", "{4A848D30-870B-43AC-A6B6-401C7B1E55A4}"
EndProject
Project("{FAE04EC0-301F-11D3-BF4B-00C04F79EFBC}") = "APIListaDocumentos", "APIListaDocumentos\APIListaDocumentos.csproj", "{4E03A5AB-DA14-47C3-B77C-B40F8F69BC11}"
EndProject
Project("{2150E333-8FDC-42A3-9474-1A3956D46DE8}") = "01-Dominio", "01-Dominio", "{A4946913-F4C7-41D3-90F3-EE44BE8B12DF}"
EndProject
Project("{FAE04EC0-301F-11D3-BF4B-00C04F79EFBC}") = "LD.Dominio", "LD.Dominio\LD.Dominio.csproj", "{DC0CA824-FF5D-4CAB-A476-6748AF886CC7}"
EndProject
Project("{FAE04EC0-301F-11D3-BF4B-00C04F79EFBC}") = "DTOsLD", "DTOsLD\DTOsLD.csproj", "{31BACDFA-1FA4-49DB-8451-166F7820E0C1}"
EndProject
Global
	GlobalSection(SolutionConfigurationPlatforms) = preSolution
		Debug|Any CPU = Debug|Any CPU
		Release|Any CPU = Release|Any CPU
	EndGlobalSection
	GlobalSection(ProjectConfigurationPlatforms) = postSolution
		{D57E487A-A772-4F8B-A0A9-608060F94E12}.Debug|Any CPU.ActiveCfg = Debug|Any CPU
		{D57E487A-A772-4F8B-A0A9-608060F94E12}.Debug|Any CPU.Build.0 = Debug|Any CPU
		{D57E487A-A772-4F8B-A0A9-608060F94E12}.Release|Any CPU.ActiveCfg = Release|Any CPU
		{D57E487A-A772-4F8B-A0A9-608060F94E12}.Release|Any CPU.Build.0 = Release|Any CPU
		{C484CF7C-DA22-4964-B13C-EE36C1BC9E98}.Debug|Any CPU.ActiveCfg = Debug|Any CPU
		{C484CF7C-DA22-4964-B13C-EE36C1BC9E98}.Debug|Any CPU.Build.0 = Debug|Any CPU
		{C484CF7C-DA22-4964-B13C-EE36C1BC9E98}.Release|Any CPU.ActiveCfg = Release|Any CPU
		{C484CF7C-DA22-4964-B13C-EE36C1BC9E98}.Release|Any CPU.Build.0 = Release|Any CPU
		{6BE292EC-E91E-4C58-8D34-7181285DAD34}.Debug|Any CPU.ActiveCfg = Debug|Any CPU
		{6BE292EC-E91E-4C58-8D34-7181285DAD34}.Debug|Any CPU.Build.0 = Debug|Any CPU
		{6BE292EC-E91E-4C58-8D34-7181285DAD34}.Release|Any CPU.ActiveCfg = Release|Any CPU
		{6BE292EC-E91E-4C58-8D34-7181285DAD34}.Release|Any CPU.Build.0 = Release|Any CPU
		{0C809E0A-A9FA-4707-8C3F-FDACDE09E279}.Debug|Any CPU.ActiveCfg = Debug|Any CPU
		{0C809E0A-A9FA-4707-8C3F-FDACDE09E279}.Debug|Any CPU.Build.0 = Debug|Any CPU
		{0C809E0A-A9FA-4707-8C3F-FDACDE09E279}.Release|Any CPU.ActiveCfg = Release|Any CPU
		{0C809E0A-A9FA-4707-8C3F-FDACDE09E279}.Release|Any CPU.Build.0 = Release|Any CPU
		{69022776-E4C9-46F2-BDD4-A93AACF0D4A0}.Debug|Any CPU.ActiveCfg = Debug|Any CPU
		{69022776-E4C9-46F2-BDD4-A93AACF0D4A0}.Debug|Any CPU.Build.0 = Debug|Any CPU
		{69022776-E4C9-46F2-BDD4-A93AACF0D4A0}.Release|Any CPU.ActiveCfg = Release|Any CPU
		{69022776-E4C9-46F2-BDD4-A93AACF0D4A0}.Release|Any CPU.Build.0 = Release|Any CPU
		{64210AFF-D1D8-4CD8-9672-6BD816942329}.Debug|Any CPU.ActiveCfg = Debug|Any CPU
		{64210AFF-D1D8-4CD8-9672-6BD816942329}.Debug|Any CPU.Build.0 = Debug|Any CPU
		{64210AFF-D1D8-4CD8-9672-6BD816942329}.Release|Any CPU.ActiveCfg = Release|Any CPU
		{64210AFF-D1D8-4CD8-9672-6BD816942329}.Release|Any CPU.Build.0 = Release|Any CPU
		{0BDE5A0F-2BE9-4752-B7FB-24553A2849CE}.Debug|Any CPU.ActiveCfg = Debug|Any CPU
		{0BDE5A0F-2BE9-4752-B7FB-24553A2849CE}.Debug|Any CPU.Build.0 = Debug|Any CPU
		{0BDE5A0F-2BE9-4752-B7FB-24553A2849CE}.Release|Any CPU.ActiveCfg = Release|Any CPU
		{0BDE5A0F-2BE9-4752-B7FB-24553A2849CE}.Release|Any CPU.Build.0 = Release|Any CPU
		{AB2B44C3-841C-4A33-AFCE-D2ADFA125553}.Debug|Any CPU.ActiveCfg = Debug|Any CPU
		{AB2B44C3-841C-4A33-AFCE-D2ADFA125553}.Debug|Any CPU.Build.0 = Debug|Any CPU
		{AB2B44C3-841C-4A33-AFCE-D2ADFA125553}.Release|Any CPU.ActiveCfg = Release|Any CPU
		{AB2B44C3-841C-4A33-AFCE-D2ADFA125553}.Release|Any CPU.Build.0 = Release|Any CPU
		{AD677484-8F3D-431B-AFE1-C44699C87C92}.Debug|Any CPU.ActiveCfg = Debug|Any CPU
		{AD677484-8F3D-431B-AFE1-C44699C87C92}.Debug|Any CPU.Build.0 = Debug|Any CPU
		{AD677484-8F3D-431B-AFE1-C44699C87C92}.Release|Any CPU.ActiveCfg = Release|Any CPU
		{AD677484-8F3D-431B-AFE1-C44699C87C92}.Release|Any CPU.Build.0 = Release|Any CPU
		{ABB64418-C3F9-443E-912E-3A970479FC7D}.Debug|Any CPU.ActiveCfg = Debug|Any CPU
		{ABB64418-C3F9-443E-912E-3A970479FC7D}.Debug|Any CPU.Build.0 = Debug|Any CPU
		{ABB64418-C3F9-443E-912E-3A970479FC7D}.Release|Any CPU.ActiveCfg = Release|Any CPU
		{ABB64418-C3F9-443E-912E-3A970479FC7D}.Release|Any CPU.Build.0 = Release|Any CPU
		{1DEE55F9-106F-47BC-A4F3-BA308B2BAD8E}.Debug|Any CPU.ActiveCfg = Debug|Any CPU
		{1DEE55F9-106F-47BC-A4F3-BA308B2BAD8E}.Debug|Any CPU.Build.0 = Debug|Any CPU
		{1DEE55F9-106F-47BC-A4F3-BA308B2BAD8E}.Release|Any CPU.ActiveCfg = Release|Any CPU
		{1DEE55F9-106F-47BC-A4F3-BA308B2BAD8E}.Release|Any CPU.Build.0 = Release|Any CPU
		{C6DA67D8-04E8-4C24-9DE2-8EE7A5F4C40B}.Debug|Any CPU.ActiveCfg = Debug|Any CPU
		{C6DA67D8-04E8-4C24-9DE2-8EE7A5F4C40B}.Debug|Any CPU.Build.0 = Debug|Any CPU
		{C6DA67D8-04E8-4C24-9DE2-8EE7A5F4C40B}.Release|Any CPU.ActiveCfg = Release|Any CPU
		{C6DA67D8-04E8-4C24-9DE2-8EE7A5F4C40B}.Release|Any CPU.Build.0 = Release|Any CPU
		{EE604879-239B-4333-96F0-F71F0AB6ECA3}.Debug|Any CPU.ActiveCfg = Debug|Any CPU
		{EE604879-239B-4333-96F0-F71F0AB6ECA3}.Debug|Any CPU.Build.0 = Debug|Any CPU
		{EE604879-239B-4333-96F0-F71F0AB6ECA3}.Release|Any CPU.ActiveCfg = Release|Any CPU
		{EE604879-239B-4333-96F0-F71F0AB6ECA3}.Release|Any CPU.Build.0 = Release|Any CPU
		{3C010106-DA3B-43C8-BD29-CB2A3503C890}.Debug|Any CPU.ActiveCfg = Debug|Any CPU
		{3C010106-DA3B-43C8-BD29-CB2A3503C890}.Debug|Any CPU.Build.0 = Debug|Any CPU
		{3C010106-DA3B-43C8-BD29-CB2A3503C890}.Release|Any CPU.ActiveCfg = Release|Any CPU
		{3C010106-DA3B-43C8-BD29-CB2A3503C890}.Release|Any CPU.Build.0 = Release|Any CPU
		{97ABA8F8-F881-480D-A555-7D2385043463}.Debug|Any CPU.ActiveCfg = Debug|Any CPU
		{97ABA8F8-F881-480D-A555-7D2385043463}.Debug|Any CPU.Build.0 = Debug|Any CPU
		{97ABA8F8-F881-480D-A555-7D2385043463}.Release|Any CPU.ActiveCfg = Release|Any CPU
		{97ABA8F8-F881-480D-A555-7D2385043463}.Release|Any CPU.Build.0 = Release|Any CPU
		{BFB7C694-C714-42DD-92CA-07D45E3B9651}.Debug|Any CPU.ActiveCfg = Debug|Any CPU
		{BFB7C694-C714-42DD-92CA-07D45E3B9651}.Debug|Any CPU.Build.0 = Debug|Any CPU
		{BFB7C694-C714-42DD-92CA-07D45E3B9651}.Release|Any CPU.ActiveCfg = Release|Any CPU
		{BFB7C694-C714-42DD-92CA-07D45E3B9651}.Release|Any CPU.Build.0 = Release|Any CPU
		{6EB4A6D3-AD35-442E-A4B0-41982B781684}.Debug|Any CPU.ActiveCfg = Debug|Any CPU
		{6EB4A6D3-AD35-442E-A4B0-41982B781684}.Debug|Any CPU.Build.0 = Debug|Any CPU
		{6EB4A6D3-AD35-442E-A4B0-41982B781684}.Release|Any CPU.ActiveCfg = Release|Any CPU
		{6EB4A6D3-AD35-442E-A4B0-41982B781684}.Release|Any CPU.Build.0 = Release|Any CPU
		{640EE739-4121-4AD7-A211-CC1396ECF8DD}.Debug|Any CPU.ActiveCfg = Debug|Any CPU
		{640EE739-4121-4AD7-A211-CC1396ECF8DD}.Debug|Any CPU.Build.0 = Debug|Any CPU
		{640EE739-4121-4AD7-A211-CC1396ECF8DD}.Release|Any CPU.ActiveCfg = Release|Any CPU
		{640EE739-4121-4AD7-A211-CC1396ECF8DD}.Release|Any CPU.Build.0 = Release|Any CPU
		{F50D36BC-18D2-44B7-B566-169E162E4D50}.Debug|Any CPU.ActiveCfg = Debug|Any CPU
		{F50D36BC-18D2-44B7-B566-169E162E4D50}.Debug|Any CPU.Build.0 = Debug|Any CPU
		{F50D36BC-18D2-44B7-B566-169E162E4D50}.Release|Any CPU.ActiveCfg = Release|Any CPU
		{F50D36BC-18D2-44B7-B566-169E162E4D50}.Release|Any CPU.Build.0 = Release|Any CPU
		{779BCAEE-9C9D-49A8-BBE4-A92316AF6940}.Debug|Any CPU.ActiveCfg = Debug|Any CPU
		{779BCAEE-9C9D-49A8-BBE4-A92316AF6940}.Debug|Any CPU.Build.0 = Debug|Any CPU
		{779BCAEE-9C9D-49A8-BBE4-A92316AF6940}.Release|Any CPU.ActiveCfg = Release|Any CPU
		{779BCAEE-9C9D-49A8-BBE4-A92316AF6940}.Release|Any CPU.Build.0 = Release|Any CPU
		{0BFE772E-37D5-496B-94A3-90D71369B716}.Debug|Any CPU.ActiveCfg = Debug|Any CPU
		{0BFE772E-37D5-496B-94A3-90D71369B716}.Debug|Any CPU.Build.0 = Debug|Any CPU
		{0BFE772E-37D5-496B-94A3-90D71369B716}.Release|Any CPU.ActiveCfg = Release|Any CPU
		{0BFE772E-37D5-496B-94A3-90D71369B716}.Release|Any CPU.Build.0 = Release|Any CPU
		{FB44F1CC-4C63-47BF-92D0-B5C06EA53087}.Debug|Any CPU.ActiveCfg = Debug|Any CPU
		{FB44F1CC-4C63-47BF-92D0-B5C06EA53087}.Debug|Any CPU.Build.0 = Debug|Any CPU
		{FB44F1CC-4C63-47BF-92D0-B5C06EA53087}.Release|Any CPU.ActiveCfg = Release|Any CPU
		{FB44F1CC-4C63-47BF-92D0-B5C06EA53087}.Release|Any CPU.Build.0 = Release|Any CPU
		{7742AFB2-3CAC-456D-A6FF-0ED60534209C}.Debug|Any CPU.ActiveCfg = Debug|Any CPU
		{7742AFB2-3CAC-456D-A6FF-0ED60534209C}.Debug|Any CPU.Build.0 = Debug|Any CPU
		{7742AFB2-3CAC-456D-A6FF-0ED60534209C}.Release|Any CPU.ActiveCfg = Release|Any CPU
		{7742AFB2-3CAC-456D-A6FF-0ED60534209C}.Release|Any CPU.Build.0 = Release|Any CPU
		{6BD8CC91-0427-421D-9CB9-E59063126660}.Debug|Any CPU.ActiveCfg = Debug|Any CPU
		{6BD8CC91-0427-421D-9CB9-E59063126660}.Debug|Any CPU.Build.0 = Debug|Any CPU
		{6BD8CC91-0427-421D-9CB9-E59063126660}.Release|Any CPU.ActiveCfg = Release|Any CPU
		{6BD8CC91-0427-421D-9CB9-E59063126660}.Release|Any CPU.Build.0 = Release|Any CPU
		{49881D9B-0B67-46CF-8C8E-99A5F2D2AF0B}.Debug|Any CPU.ActiveCfg = Debug|Any CPU
		{49881D9B-0B67-46CF-8C8E-99A5F2D2AF0B}.Debug|Any CPU.Build.0 = Debug|Any CPU
		{49881D9B-0B67-46CF-8C8E-99A5F2D2AF0B}.Release|Any CPU.ActiveCfg = Release|Any CPU
		{49881D9B-0B67-46CF-8C8E-99A5F2D2AF0B}.Release|Any CPU.Build.0 = Release|Any CPU
		{AF9C6995-F3FC-476B-8EB8-0C5BDE5C25E6}.Debug|Any CPU.ActiveCfg = Debug|Any CPU
		{AF9C6995-F3FC-476B-8EB8-0C5BDE5C25E6}.Debug|Any CPU.Build.0 = Debug|Any CPU
		{AF9C6995-F3FC-476B-8EB8-0C5BDE5C25E6}.Release|Any CPU.ActiveCfg = Release|Any CPU
		{AF9C6995-F3FC-476B-8EB8-0C5BDE5C25E6}.Release|Any CPU.Build.0 = Release|Any CPU
		{D75B9C61-5C75-421B-A762-5D4B095452BF}.Debug|Any CPU.ActiveCfg = Debug|Any CPU
		{D75B9C61-5C75-421B-A762-5D4B095452BF}.Debug|Any CPU.Build.0 = Debug|Any CPU
		{D75B9C61-5C75-421B-A762-5D4B095452BF}.Release|Any CPU.ActiveCfg = Release|Any CPU
		{D75B9C61-5C75-421B-A762-5D4B095452BF}.Release|Any CPU.Build.0 = Release|Any CPU
		{C019A11F-3325-4A52-A348-6E3B381CAFE2}.Debug|Any CPU.ActiveCfg = Debug|Any CPU
		{C019A11F-3325-4A52-A348-6E3B381CAFE2}.Debug|Any CPU.Build.0 = Debug|Any CPU
		{C019A11F-3325-4A52-A348-6E3B381CAFE2}.Release|Any CPU.ActiveCfg = Release|Any CPU
		{C019A11F-3325-4A52-A348-6E3B381CAFE2}.Release|Any CPU.Build.0 = Release|Any CPU
		{4E03A5AB-DA14-47C3-B77C-B40F8F69BC11}.Debug|Any CPU.ActiveCfg = Debug|Any CPU
		{4E03A5AB-DA14-47C3-B77C-B40F8F69BC11}.Debug|Any CPU.Build.0 = Debug|Any CPU
		{4E03A5AB-DA14-47C3-B77C-B40F8F69BC11}.Release|Any CPU.ActiveCfg = Release|Any CPU
		{4E03A5AB-DA14-47C3-B77C-B40F8F69BC11}.Release|Any CPU.Build.0 = Release|Any CPU
		{DC0CA824-FF5D-4CAB-A476-6748AF886CC7}.Debug|Any CPU.ActiveCfg = Debug|Any CPU
		{DC0CA824-FF5D-4CAB-A476-6748AF886CC7}.Debug|Any CPU.Build.0 = Debug|Any CPU
		{DC0CA824-FF5D-4CAB-A476-6748AF886CC7}.Release|Any CPU.ActiveCfg = Release|Any CPU
		{DC0CA824-FF5D-4CAB-A476-6748AF886CC7}.Release|Any CPU.Build.0 = Release|Any CPU
		{31BACDFA-1FA4-49DB-8451-166F7820E0C1}.Debug|Any CPU.ActiveCfg = Debug|Any CPU
		{31BACDFA-1FA4-49DB-8451-166F7820E0C1}.Debug|Any CPU.Build.0 = Debug|Any CPU
		{31BACDFA-1FA4-49DB-8451-166F7820E0C1}.Release|Any CPU.ActiveCfg = Release|Any CPU
		{31BACDFA-1FA4-49DB-8451-166F7820E0C1}.Release|Any CPU.Build.0 = Release|Any CPU
	EndGlobalSection
	GlobalSection(SolutionProperties) = preSolution
		HideSolutionNode = FALSE
	EndGlobalSection
	GlobalSection(NestedProjects) = preSolution
		{D57E487A-A772-4F8B-A0A9-608060F94E12} = {1CDA7B96-BD9E-4A8D-8FE4-C953745EB8E5}
		{C484CF7C-DA22-4964-B13C-EE36C1BC9E98} = {DC30403B-E18F-4FB6-B284-F7E73F953344}
		{6BE292EC-E91E-4C58-8D34-7181285DAD34} = {E9CA9B60-F977-4997-A659-C6486EF04FC1}
		{0C809E0A-A9FA-4707-8C3F-FDACDE09E279} = {0F15F0C9-70AD-4353-B2B0-08F2D19F24E2}
		{69022776-E4C9-46F2-BDD4-A93AACF0D4A0} = {E9CA9B60-F977-4997-A659-C6486EF04FC1}
		{74E5DBA6-2719-4035-BF83-7023F39AC79E} = {451045DD-33F3-46FF-AADA-F98CF159DF37}
		{64210AFF-D1D8-4CD8-9672-6BD816942329} = {74E5DBA6-2719-4035-BF83-7023F39AC79E}
		{398AFA5E-C0E4-422F-BD09-3DBD93EB931B} = {451045DD-33F3-46FF-AADA-F98CF159DF37}
		{0BDE5A0F-2BE9-4752-B7FB-24553A2849CE} = {398AFA5E-C0E4-422F-BD09-3DBD93EB931B}
		{AB2B44C3-841C-4A33-AFCE-D2ADFA125553} = {398AFA5E-C0E4-422F-BD09-3DBD93EB931B}
		{AD677484-8F3D-431B-AFE1-C44699C87C92} = {398AFA5E-C0E4-422F-BD09-3DBD93EB931B}
		{ACC00921-9EFF-406A-840E-AACAA0ED4113} = {451045DD-33F3-46FF-AADA-F98CF159DF37}
		{ABB64418-C3F9-443E-912E-3A970479FC7D} = {ACC00921-9EFF-406A-840E-AACAA0ED4113}
		{1DEE55F9-106F-47BC-A4F3-BA308B2BAD8E} = {1CDA7B96-BD9E-4A8D-8FE4-C953745EB8E5}
		{C6DA67D8-04E8-4C24-9DE2-8EE7A5F4C40B} = {DC30403B-E18F-4FB6-B284-F7E73F953344}
		{EE604879-239B-4333-96F0-F71F0AB6ECA3} = {0E91159B-F632-4698-988B-5D1B7D862C37}
		{3C010106-DA3B-43C8-BD29-CB2A3503C890} = {070D3454-902A-430E-A70E-BE2ECEC723E6}
		{DC30403B-E18F-4FB6-B284-F7E73F953344} = {3B3F7A38-9C94-4D87-9399-28C0CE0DAAD9}
		{0E91159B-F632-4698-988B-5D1B7D862C37} = {3B3F7A38-9C94-4D87-9399-28C0CE0DAAD9}
		{070D3454-902A-430E-A70E-BE2ECEC723E6} = {3B3F7A38-9C94-4D87-9399-28C0CE0DAAD9}
		{CF645ECE-AE94-4CE3-A570-E8136C23C375} = {3B3F7A38-9C94-4D87-9399-28C0CE0DAAD9}
		{97ABA8F8-F881-480D-A555-7D2385043463} = {CF645ECE-AE94-4CE3-A570-E8136C23C375}
		{E9CA9B60-F977-4997-A659-C6486EF04FC1} = {451045DD-33F3-46FF-AADA-F98CF159DF37}
		{BFB7C694-C714-42DD-92CA-07D45E3B9651} = {398AFA5E-C0E4-422F-BD09-3DBD93EB931B}
		{6EB4A6D3-AD35-442E-A4B0-41982B781684} = {1CDA7B96-BD9E-4A8D-8FE4-C953745EB8E5}
		{0F15F0C9-70AD-4353-B2B0-08F2D19F24E2} = {1598E454-296F-4562-9FB3-8C237380FD21}
		{640EE739-4121-4AD7-A211-CC1396ECF8DD} = {0F15F0C9-70AD-4353-B2B0-08F2D19F24E2}
		{97030C93-01A6-496E-BDC0-03350BCCD89B} = {1598E454-296F-4562-9FB3-8C237380FD21}
		{F50D36BC-18D2-44B7-B566-169E162E4D50} = {97030C93-01A6-496E-BDC0-03350BCCD89B}
		{779BCAEE-9C9D-49A8-BBE4-A92316AF6940} = {97030C93-01A6-496E-BDC0-03350BCCD89B}
		{7B2DA905-E098-4546-B8D0-D638B068B8E4} = {1598E454-296F-4562-9FB3-8C237380FD21}
		{0BFE772E-37D5-496B-94A3-90D71369B716} = {7B2DA905-E098-4546-B8D0-D638B068B8E4}
		{A14DC447-D93F-44A7-98FA-105FAACF494C} = {1598E454-296F-4562-9FB3-8C237380FD21}
		{FB44F1CC-4C63-47BF-92D0-B5C06EA53087} = {A14DC447-D93F-44A7-98FA-105FAACF494C}
		{7742AFB2-3CAC-456D-A6FF-0ED60534209C} = {FC2ECE50-BD7F-4CA7-B10D-848C7FCC4470}
		{FC2ECE50-BD7F-4CA7-B10D-848C7FCC4470} = {EDC1A7D3-C76A-4C70-BA9B-716AC2717A7C}
		{6BD8CC91-0427-421D-9CB9-E59063126660} = {FC2ECE50-BD7F-4CA7-B10D-848C7FCC4470}
		{95A0059A-9606-401A-9754-AE3B986F2C8B} = {EDC1A7D3-C76A-4C70-BA9B-716AC2717A7C}
		{49881D9B-0B67-46CF-8C8E-99A5F2D2AF0B} = {95A0059A-9606-401A-9754-AE3B986F2C8B}
		{2BD382A0-2B63-4D3A-817B-D39F5FDB3F1F} = {EDC1A7D3-C76A-4C70-BA9B-716AC2717A7C}
		{AF9C6995-F3FC-476B-8EB8-0C5BDE5C25E6} = {2BD382A0-2B63-4D3A-817B-D39F5FDB3F1F}
		{A0300AF9-E93B-47BE-B6CF-85224A31AA84} = {EDC1A7D3-C76A-4C70-BA9B-716AC2717A7C}
		{D75B9C61-5C75-421B-A762-5D4B095452BF} = {A0300AF9-E93B-47BE-B6CF-85224A31AA84}
		{4E03A5AB-DA14-47C3-B77C-B40F8F69BC11} = {4A848D30-870B-43AC-A6B6-401C7B1E55A4}
		{A4946913-F4C7-41D3-90F3-EE44BE8B12DF} = {4A848D30-870B-43AC-A6B6-401C7B1E55A4}
		{DC0CA824-FF5D-4CAB-A476-6748AF886CC7} = {A4946913-F4C7-41D3-90F3-EE44BE8B12DF}
		{31BACDFA-1FA4-49DB-8451-166F7820E0C1} = {A4946913-F4C7-41D3-90F3-EE44BE8B12DF}
	EndGlobalSection
	GlobalSection(ExtensibilityGlobals) = postSolution
		SolutionGuid = {268EF4A5-1109-4DF9-B637-BE3C6B8EE01C}
	EndGlobalSection
EndGlobal
